{
  "name": "websocket-media-player",
  "version": "1.0.0",
  "lockfileVersion": 3,
  "requires": true,
  "packages": {
    "": {
      "name": "websocket-media-player",
      "version": "1.0.0",
      "license": "MIT",
      "dependencies": {
        "ws": "^8.14.2"
      },
      "devDependencies": {
        "@types/emscripten": "^1.39.6",
        "typescript": "^5.0.0"
      }
    },
    "node_modules/@types/emscripten": {
      "version": "1.41.5",
      "resolved": "https://registry.npmjs.org/@types/emscripten/-/emscripten-1.41.5.tgz",
      "integrity": "sha512-cMQm7pxu6BxtHyqJ7mQZ2kXWV5SLmugybFdHCBbJ5eHzOo6VhBckEgAT3//rP5FwPHNPeEiq4SmQ5ucBwsOo4Q==",
      "dev": true
    },
    "node_modules/typescript": {
      "version": "5.9.3",
      "resolved": "https://registry.npmjs.org/typescript/-/typescript-5.9.3.tgz",
      "integrity": "sha512-jl1vZzPDinLr9eUt3J/t7V6FgNEw9QjvBPdysz9KfQDD41fQrC2Y4vKQdiaUpFT4bXlb1RHhLpp8wtm6M5TgSw==",
      "dev": true,
      "bin": {
        "tsc": "bin/tsc",
        "tsserver": "bin/tsserver"
      },
      "engines": {
        "node": ">=14.17"
      }
    },
    "node_modules/ws": {
      "version": "8.18.3",
      "resolved": "https://registry.npmjs.org/ws/-/ws-8.18.3.tgz",
      "integrity": "sha512-PEIGCY5tSlUt50cqyMXfCzX+oOPqN0vuGqWzbcJ2xvnkzkq46oOpz7dQaTDBdfICb4N14+GARUDw2XV2N4tvzg==",
      "engines": {
        "node": ">=10.0.0"
      },
      "peerDependencies": {
        "bufferutil": "^4.0.1",
        "utf-8-validate": ">=5.0.2"
      },
      "peerDependenciesMeta": {
        "bufferutil": {
          "optional": true
        },
        "utf-8-validate": {
          "optional": true
        }
      }
    }
  }
}
